<Solution>
  <Project Path="BlazorHosted.AppHost\BlazorHosted.AppHost.csproj" />
  <Project Path="BlazorHosted.Server\BlazorHosted.csproj" />
  <Project Path="BlazorHosted.Client\BlazorHosted.Client.csproj" />
  <Project Path="BlazorHosted.ClientServiceDefaults\BlazorHosted.ClientServiceDefaults.csproj" />
  <Project Path="BlazorHosted.WeatherApi\BlazorHosted.WeatherApi.csproj" />
  <Project Path="BlazorHosted.TimeApi\BlazorHosted.TimeApi.csproj" />
  <Project Path="..\Playground.ServiceDefaults\Playground.ServiceDefaults.csproj" />
</Solution>
