{
  "name": "aspire-dashboard-assets",
  "lockfileVersion": 3,
  "requires": true,
  "packages": {
    "": {
      "name": "aspire-dashboard-assets",
      "dependencies": {
        "@hex1b/web-terminal": "0.168.0"
      }
    },
    "node_modules/@hex1b/web-terminal": {
      "version": "0.168.0",
      "resolved": "https://registry.npmjs.org/@hex1b/web-terminal/-/web-terminal-0.168.0.tgz",
      "integrity": "sha512-NojZVe3O74TvCcua6YMY18JdV5xZbKFGRkyWuZYau8bUbgxkXSe9UzpRPeDOmTyLcPlGkO69Kc36PxMbbFbGSw==",
      "license": "MIT",
      "engines": {
        "node": ">=22"
      }
    }
  }
}
